{
  "requires": true,
  "lockfileVersion": 1,
  "dependencies": {
    "yall-js": {
      "version": "3.1.5",
      "resolved": "https://registry.npmjs.org/yall-js/-/yall-js-3.1.5.tgz",
      "integrity": "sha512-qWFfdopCFl2zuSLca32napdZfFb9TiNp3vUzvEOd8Y9vWg9gmzdGYcDPNuhWqm/pdyBzSU8DfzQHO3Rb+8VZZg=="
    }
  }
}
